// !$*UTF8*$!
{
	archiveVersion = 1;
	classes = {
	};
	objectVersion = 55;
	objects = {

/* Begin PBXBuildFile section */
		BA3B05D428C4E5C6008FD4B4 /* TableViewCell.swift in Sources */ = {isa = PBXBuildFile; fileRef = BA3B05D328C4E5C6008FD4B4 /* TableViewCell.swift */; };
		BAA8C6D828C4D2D9005C7AF1 /* AppDelegate.swift in Sources */ = {isa = PBXBuildFile; fileRef = BAA8C6D728C4D2D9005C7AF1 /* AppDelegate.swift */; };
		BAA8C6DA28C4D2D9005C7AF1 /* SceneDelegate.swift in Sources */ = {isa = PBXBuildFile; fileRef = BAA8C6D928C4D2D9005C7AF1 /* SceneDelegate.swift */; };
		BAA8C6DC28C4D2D9005C7AF1 /* ViewController.swift in Sources */ = {isa = PBXBuildFile; fileRef = BAA8C6DB28C4D2D9005C7AF1 /* ViewController.swift */; };
		BAA8C6DF28C4D2D9005C7AF1 /* Main.storyboard in Resources */ = {isa = PBXBuildFile; fileRef = BAA8C6DD28C4D2D9005C7AF1 /* Main.storyboard */; };
		BAA8C6E128C4D2DA005C7AF1 /* Assets.xcassets in Resources */ = {isa = PBXBuildFile; fileRef = BAA8C6E028C4D2DA005C7AF1 /* Assets.xcassets */; };
		BAA8C6E428C4D2DA005C7AF1 /* LaunchScreen.storyboard in Resources */ = {isa = PBXBuildFile; fileRef = BAA8C6E228C4D2DA005C7AF1 /* LaunchScreen.storyboard */; };
		BAA8C6F028C4D4CD005C7AF1 /* NetworkManager.swift in Sources */ = {isa = PBXBuildFile; fileRef = BAA8C6EF28C4D4CD005C7AF1 /* NetworkManager.swift */; };
		BAA8C6F328C4D520005C7AF1 /* SW.swift in Sources */ = {isa = PBXBuildFile; fileRef = BAA8C6F228C4D520005C7AF1 /* SW.swift */; };
/* End PBXBuildFile section */

/* Begin PBXFileReference section */
		BA3B05D328C4E5C6008FD4B4 /* TableViewCell.swift */ = {isa = PBXFileReference; lastKnownFileType = sourcecode.swift; path = TableViewCell.swift; sourceTree = "<group>"; };
		BAA8C6D428C4D2D9005C7AF1 /* HW2.10JSON.app */ = {isa = PBXFileReference; explicitFileType = wrapper.application; includeInIndex = 0; path = HW2.10JSON.app; sourceTree = BUILT_PRODUCTS_DIR; };
		BAA8C6D728C4D2D9005C7AF1 /* AppDelegate.swift */ = {isa = PBXFileReference; lastKnownFileType = sourcecode.swift; path = AppDelegate.swift; sourceTree = "<group>"; };
		BAA8C6D928C4D2D9005C7AF1 /* SceneDelegate.swift */ = {isa = PBXFileReference; lastKnownFileType = sourcecode.swift; path = SceneDelegate.swift; sourceTree = "<group>"; };
		BAA8C6DB28C4D2D9005C7AF1 /* ViewController.swift */ = {isa = PBXFileReference; lastKnownFileType = sourcecode.swift; path = ViewController.swift; sourceTree = "<group>"; };
		BAA8C6DE28C4D2D9005C7AF1 /* Base */ = {isa = PBXFileReference; lastKnownFileType = file.storyboard; name = Base; path = Base.lproj/Main.storyboard; sourceTree = "<group>"; };
		BAA8C6E028C4D2DA005C7AF1 /* Assets.xcassets */ = {isa = PBXFileReference; lastKnownFileType = folder.assetcatalog; path = Assets.xcassets; sourceTree = "<group>"; };
		BAA8C6E328C4D2DA005C7AF1 /* Base */ = {isa = PBXFileReference; lastKnownFileType = file.storyboard; name = Base; path = Base.lproj/LaunchScreen.storyboard; sourceTree = "<group>"; };
		BAA8C6E528C4D2DA005C7AF1 /* Info.plist */ = {isa = PBXFileReference; lastKnownFileType = text.plist.xml; path = Info.plist; sourceTree = "<group>"; };
		BAA8C6EF28C4D4CD005C7AF1 /* NetworkManager.swift */ = {isa = PBXFileReference; lastKnownFileType = sourcecode.swift; path = NetworkManager.swift; sourceTree = "<group>"; };
		BAA8C6F228C4D520005C7AF1 /* SW.swift */ = {isa = PBXFileReference; lastKnownFileType = sourcecode.swift; path = SW.swift; sourceTree = "<group>"; };
/* End PBXFileReference section */

/* Begin PBXFrameworksBuildPhase section */
		BAA8C6D128C4D2D9005C7AF1 /* Frameworks */ = {
			isa = PBXFrameworksBuildPhase;
			buildActionMask = 2147483647;
			files = (
			);
			runOnlyForDeploymentPostprocessing = 0;
		};
/* End PBXFrameworksBuildPhase section */

/* Begin PBXGroup section */
		BAA8C6CB28C4D2D9005C7AF1 = {
			isa = PBXGroup;
			children = (
				BAA8C6D628C4D2D9005C7AF1 /* HW2.10JSON */,
				BAA8C6D528C4D2D9005C7AF1 /* Products */,
			);
			sourceTree = "<group>";
		};
		BAA8C6D528C4D2D9005C7AF1 /* Products */ = {
			isa = PBXGroup;
			children = (
				BAA8C6D428C4D2D9005C7AF1 /* HW2.10JSON.app */,
			);
			name = Products;
			sourceTree = "<group>";
		};
		BAA8C6D628C4D2D9005C7AF1 /* HW2.10JSON */ = {
			isa = PBXGroup;
			children = (
				BA3B05D328C4E5C6008FD4B4 /* TableViewCell.swift */,
				BAA8C6F428C4D524005C7AF1 /* Models */,
				BAA8C6ED28C4D477005C7AF1 /* ViewControllers */,
				BAA8C6F128C4D4DC005C7AF1 /* Services */,
				BAA8C6EC28C4D46C005C7AF1 /* App */,
				BAA8C6EB28C4D456005C7AF1 /* Storyboards */,
				BAA8C6EE28C4D486005C7AF1 /* Resources */,
			);
			path = HW2.10JSON;
			sourceTree = "<group>";
		};
		BAA8C6EB28C4D456005C7AF1 /* Storyboards */ = {
			isa = PBXGroup;
			children = (
				BAA8C6DD28C4D2D9005C7AF1 /* Main.storyboard */,
				BAA8C6E228C4D2DA005C7AF1 /* LaunchScreen.storyboard */,
			);
			path = Storyboards;
			sourceTree = "<group>";
		};
		BAA8C6EC28C4D46C005C7AF1 /* App */ = {
			isa = PBXGroup;
			children = (
				BAA8C6D728C4D2D9005C7AF1 /* AppDelegate.swift */,
				BAA8C6D928C4D2D9005C7AF1 /* SceneDelegate.swift */,
				BAA8C6E528C4D2DA005C7AF1 /* Info.plist */,
			);
			path = App;
			sourceTree = "<group>";
		};
		BAA8C6ED28C4D477005C7AF1 /* ViewControllers */ = {
			isa = PBXGroup;
			children = (
				BAA8C6DB28C4D2D9005C7AF1 /* ViewController.swift */,
			);
			path = ViewControllers;
			sourceTree = "<group>";
		};
		BAA8C6EE28C4D486005C7AF1 /* Resources */ = {
			isa = PBXGroup;
			children = (
				BAA8C6E028C4D2DA005C7AF1 /* Assets.xcassets */,
			);
			path = Resources;
			sourceTree = "<group>";
		};
		BAA8C6F128C4D4DC005C7AF1 /* Services */ = {
			isa = PBXGroup;
			children = (
				BAA8C6EF28C4D4CD005C7AF1 /* NetworkManager.swift */,
			);
			path = Services;
			sourceTree = "<group>";
		};
		BAA8C6F428C4D524005C7AF1 /* Models */ = {
			isa = PBXGroup;
			children = (
				BAA8C6F228C4D520005C7AF1 /* SW.swift */,
			);
			path = Models;
			sourceTree = "<group>";
		};
/* End PBXGroup section */

/* Begin PBXNativeTarget section */
		BAA8C6D328C4D2D9005C7AF1 /* HW2.10JSON */ = {
			isa = PBXNativeTarget;
			buildConfigurationList = BAA8C6E828C4D2DA005C7AF1 /* Build configuration list for PBXNativeTarget "HW2.10JSON" */;
			buildPhases = (
				BAA8C6D028C4D2D9005C7AF1 /* Sources */,
				BAA8C6D128C4D2D9005C7AF1 /* Frameworks */,
				BAA8C6D228C4D2D9005C7AF1 /* Resources */,
			);
			buildRules = (
			);
			dependencies = (
			);
			name = HW2.10JSON;
			productName = HW2.10JSON;
			productReference = BAA8C6D428C4D2D9005C7AF1 /* HW2.10JSON.app */;
			productType = "com.apple.product-type.application";
		};
/* End PBXNativeTarget section */

/* Begin PBXProject section */
		BAA8C6CC28C4D2D9005C7AF1 /* Project object */ = {
			isa = PBXProject;
			attributes = {
				BuildIndependentTargetsInParallel = 1;
				LastSwiftUpdateCheck = 1340;
				LastUpgradeCheck = 1340;
				TargetAttributes = {
					BAA8C6D328C4D2D9005C7AF1 = {
						CreatedOnToolsVersion = 13.4.1;
					};
				};
			};
			buildConfigurationList = BAA8C6CF28C4D2D9005C7AF1 /* Build configuration list for PBXProject "HW2.10JSON" */;
			compatibilityVersion = "Xcode 13.0";
			developmentRegion = en;
			hasScannedForEncodings = 0;
			knownRegions = (
				en,
				Base,
			);
			mainGroup = BAA8C6CB28C4D2D9005C7AF1;
			productRefGroup = BAA8C6D528C4D2D9005C7AF1 /* Products */;
			projectDirPath = "";
			projectRoot = "";
			targets = (
				BAA8C6D328C4D2D9005C7AF1 /* HW2.10JSON */,
			);
		};
/* End PBXProject section */

/* Begin PBXResourcesBuildPhase section */
		BAA8C6D228C4D2D9005C7AF1 /* Resources */ = {
			isa = PBXResourcesBuildPhase;
			buildActionMask = 2147483647;
			files = (
				BAA8C6E428C4D2DA005C7AF1 /* LaunchScreen.storyboard in Resources */,
				BAA8C6E128C4D2DA005C7AF1 /* Assets.xcassets in Resources */,
				BAA8C6DF28C4D2D9005C7AF1 /* Main.storyboard in Resources */,
			);
			runOnlyForDeploymentPostprocessing = 0;
		};
/* End PBXResourcesBuildPhase section */

/* Begin PBXSourcesBuildPhase section */
		BAA8C6D028C4D2D9005C7AF1 /* Sources */ = {
			isa = PBXSourcesBuildPhase;
			buildActionMask = 2147483647;
			files = (
				BAA8C6F028C4D4CD005C7AF1 /* NetworkManager.swift in Sources */,
				BAA8C6DC28C4D2D9005C7AF1 /* ViewController.swift in Sources */,
				BAA8C6D828C4D2D9005C7AF1 /* AppDelegate.swift in Sources */,
				BA3B05D428C4E5C6008FD4B4 /* TableViewCell.swift in Sources */,
				BAA8C6F328C4D520005C7AF1 /* SW.swift in Sources */,
				BAA8C6DA28C4D2D9005C7AF1 /* SceneDelegate.swift in Sources */,
			);
			runOnlyForDeploymentPostprocessing = 0;
		};
/* End PBXSourcesBuildPhase section */

/* Begin PBXVariantGroup section */
		BAA8C6DD28C4D2D9005C7AF1 /* Main.storyboard */ = {
			isa = PBXVariantGroup;
			children = (
				BAA8C6DE28C4D2D9005C7AF1 /* Base */,
			);
			name = Main.storyboard;
			sourceTree = "<group>";
		};
		BAA8C6E228C4D2DA005C7AF1 /* LaunchScreen.storyboard */ = {
			isa = PBXVariantGroup;
			children = (
				BAA8C6E328C4D2DA005C7AF1 /* Base */,
			);
			name = LaunchScreen.storyboard;
			sourceTree = "<group>";
		};
/* End PBXVariantGroup section */

/* Begin XCBuildConfiguration section */
		BAA8C6E628C4D2DA005C7AF1 /* Debug */ = {
			isa = XCBuildConfiguration;
			buildSettings = {
				ALWAYS_SEARCH_USER_PATHS = NO;
				CLANG_ANALYZER_NONNULL = YES;
				CLANG_ANALYZER_NUMBER_OBJECT_CONVERSION = YES_AGGRESSIVE;
				CLANG_CXX_LANGUAGE_STANDARD = "gnu++17";
				CLANG_ENABLE_MODULES = YES;
				CLANG_ENABLE_OBJC_ARC = YES;
				CLANG_ENABLE_OBJC_WEAK = YES;
				CLANG_WARN_BLOCK_CAPTURE_AUTORELEASING = YES;
				CLANG_WARN_BOOL_CONVERSION = YES;
				CLANG_WARN_COMMA = YES;
				CLANG_WARN_CONSTANT_CONVERSION = YES;
				CLANG_WARN_DEPRECATED_OBJC_IMPLEMENTATIONS = YES;
				CLANG_WARN_DIRECT_OBJC_ISA_USAGE = YES_ERROR;
				CLANG_WARN_DOCUMENTATION_COMMENTS = YES;
				CLANG_WARN_EMPTY_BODY = YES;
				CLANG_WARN_ENUM_CONVERSION = YES;
				CLANG_WARN_INFINITE_RECURSION = YES;
				CLANG_WARN_INT_CONVERSION = YES;
				CLANG_WARN_NON_LITERAL_NULL_CONVERSION = YES;
				CLANG_WARN_OBJC_IMPLICIT_RETAIN_SELF = YES;
				CLANG_WARN_OBJC_LITERAL_CONVERSION = YES;
				CLANG_WARN_OBJC_ROOT_CLASS = YES_ERROR;
				CLANG_WARN_QUOTED_INCLUDE_IN_FRAMEWORK_HEADER = YES;
				CLANG_WARN_RANGE_LOOP_ANALYSIS = YES;
				CLANG_WARN_STRICT_PROTOTYPES = YES;
				CLANG_WARN_SUSPICIOUS_MOVE = YES;
				CLANG_WARN_UNGUARDED_AVAILABILITY = YES_AGGRESSIVE;
				CLANG_WARN_UNREACHABLE_CODE = YES;
				CLANG_WARN__DUPLICATE_METHOD_MATCH = YES;
				COPY_PHASE_STRIP = NO;
				DEBUG_INFORMATION_FORMAT = dwarf;
				ENABLE_STRICT_OBJC_MSGSEND = YES;
				ENABLE_TESTABILITY = YES;
				GCC_C_LANGUAGE_STANDARD = gnu11;
				GCC_DYNAMIC_NO_PIC = NO;
				GCC_NO_COMMON_BLOCKS = YES;
				GCC_OPTIMIZATION_LEVEL = 0;
				GCC_PREPROCESSOR_DEFINITIONS = (
					"DEBUG=1",
					"$(inherited)",
				);
				GCC_WARN_64_TO_32_BIT_CONVERSION = YES;
				GCC_WARN_ABOUT_RETURN_TYPE = YES_ERROR;
				GCC_WARN_UNDECLARED_SELECTOR = YES;
				GCC_WARN_UNINITIALIZED_AUTOS = YES_AGGRESSIVE;
				GCC_WARN_UNUSED_FUNCTION = YES;
				GCC_WARN_UNUSED_VARIABLE = YES;
				IPHONEOS_DEPLOYMENT_TARGET = 15.5;
				MTL_ENABLE_DEBUG_INFO = INCLUDE_SOURCE;
				MTL_FAST_MATH = YES;
				ONLY_ACTIVE_ARCH = YES;
				SDKROOT = iphoneos;
				SWIFT_ACTIVE_COMPILATION_CONDITIONS = DEBUG;
				SWIFT_OPTIMIZATION_LEVEL = "-Onone";
			};
			name = Debug;
		};
		BAA8C6E728C4D2DA005C7AF1 /* Release */ = {
			isa = XCBuildConfiguration;
			buildSettings = {
				ALWAYS_SEARCH_USER_PATHS = NO;
				CLANG_ANALYZER_NONNULL = YES;
				CLANG_ANALYZER_NUMBER_OBJECT_CONVERSION = YES_AGGRESSIVE;
				CLANG_CXX_LANGUAGE_STANDARD = "gnu++17";
				CLANG_ENABLE_MODULES = YES;
				CLANG_ENABLE_OBJC_ARC = YES;
				CLANG_ENABLE_OBJC_WEAK = YES;
				CLANG_WARN_BLOCK_CAPTURE_AUTORELEASING = YES;
				CLANG_WARN_BOOL_CONVERSION = YES;
				CLANG_WARN_COMMA = YES;
				CLANG_WARN_CONSTANT_CONVERSION = YES;
				CLANG_WARN_DEPRECATED_OBJC_IMPLEMENTATIONS = YES;
				CLANG_WARN_DIRECT_OBJC_ISA_USAGE = YES_ERROR;
				CLANG_WARN_DOCUMENTATION_COMMENTS = YES;
				CLANG_WARN_EMPTY_BODY = YES;
				CLANG_WARN_ENUM_CONVERSION = YES;
				CLANG_WARN_INFINITE_RECURSION = YES;
				CLANG_WARN_INT_CONVERSION = YES;
				CLANG_WARN_NON_LITERAL_NULL_CONVERSION = YES;
				CLANG_WARN_OBJC_IMPLICIT_RETAIN_SELF = YES;
				CLANG_WARN_OBJC_LITERAL_CONVERSION = YES;
				CLANG_WARN_OBJC_ROOT_CLASS = YES_ERROR;
				CLANG_WARN_QUOTED_INCLUDE_IN_FRAMEWORK_HEADER = YES;
				CLANG_WARN_RANGE_LOOP_ANALYSIS = YES;
				CLANG_WARN_STRICT_PROTOTYPES = YES;
				CLANG_WARN_SUSPICIOUS_MOVE = YES;
				CLANG_WARN_UNGUARDED_AVAILABILITY = YES_AGGRESSIVE;
				CLANG_WARN_UNREACHABLE_CODE = YES;
				CLANG_WARN__DUPLICATE_METHOD_MATCH = YES;
				COPY_PHASE_STRIP = NO;
				DEBUG_INFORMATION_FORMAT = "dwarf-with-dsym";
				ENABLE_NS_ASSERTIONS = NO;
				ENABLE_STRICT_OBJC_MSGSEND = YES;
				GCC_C_LANGUAGE_STANDARD = gnu11;
				GCC_NO_COMMON_BLOCKS = YES;
				GCC_WARN_64_TO_32_BIT_CONVERSION = YES;
				GCC_WARN_ABOUT_RETURN_TYPE = YES_ERROR;
				GCC_WARN_UNDECLARED_SELECTOR = YES;
				GCC_WARN_UNINITIALIZED_AUTOS = YES_AGGRESSIVE;
				GCC_WARN_UNUSED_FUNCTION = YES;
				GCC_WARN_UNUSED_VARIABLE = YES;
				IPHONEOS_DEPLOYMENT_TARGET = 15.5;
				MTL_ENABLE_DEBUG_INFO = NO;
				MTL_FAST_MATH = YES;
				SDKROOT = iphoneos;
				SWIFT_COMPILATION_MODE = wholemodule;
				SWIFT_OPTIMIZATION_LEVEL = "-O";
				VALIDATE_PRODUCT = YES;
			};
			name = Release;
		};
		BAA8C6E928C4D2DA005C7AF1 /* Debug */ = {
			isa = XCBuildConfiguration;
			buildSettings = {
				ASSETCATALOG_COMPILER_APPICON_NAME = AppIcon;
				ASSETCATALOG_COMPILER_GLOBAL_ACCENT_COLOR_NAME = AccentColor;
				CODE_SIGN_STYLE = Automatic;
				CURRENT_PROJECT_VERSION = 1;
				DEVELOPMENT_TEAM = LBC2FW8GZY;
				GENERATE_INFOPLIST_FILE = YES;
				INFOPLIST_FILE = HW2.10JSON/App/Info.plist;
				INFOPLIST_KEY_UIApplicationSupportsIndirectInputEvents = YES;
				INFOPLIST_KEY_UILaunchStoryboardName = LaunchScreen;
				INFOPLIST_KEY_UIMainStoryboardFile = Main;
				INFOPLIST_KEY_UISupportedInterfaceOrientations_iPad = "UIInterfaceOrientationPortrait UIInterfaceOrientationPortraitUpsideDown UIInterfaceOrientationLandscapeLeft UIInterfaceOrientationLandscapeRight";
				INFOPLIST_KEY_UISupportedInterfaceOrientations_iPhone = "UIInterfaceOrientationPortrait UIInterfaceOrientationLandscapeLeft UIInterfaceOrientationLandscapeRight";
				IPHONEOS_DEPLOYMENT_TARGET = 15.0;
				LD_RUNPATH_SEARCH_PATHS = (
					"$(inherited)",
					"@executable_path/Frameworks",
				);
				MARKETING_VERSION = 1.0;
				PRODUCT_BUNDLE_IDENTIFIER = "ru.swiftbook.HW2-10JSON";
				PRODUCT_NAME = "$(TARGET_NAME)";
				SWIFT_EMIT_LOC_STRINGS = YES;
				SWIFT_VERSION = 5.0;
				TARGETED_DEVICE_FAMILY = 1;
			};
			name = Debug;
		};
		BAA8C6EA28C4D2DA005C7AF1 /* Release */ = {
			isa = XCBuildConfiguration;
			buildSettings = {
				ASSETCATALOG_COMPILER_APPICON_NAME = AppIcon;
				ASSETCATALOG_COMPILER_GLOBAL_ACCENT_COLOR_NAME = AccentColor;
				CODE_SIGN_STYLE = Automatic;
				CURRENT_PROJECT_VERSION = 1;
				DEVELOPMENT_TEAM = LBC2FW8GZY;
				GENERATE_INFOPLIST_FILE = YES;
				INFOPLIST_FILE = HW2.10JSON/App/Info.plist;
				INFOPLIST_KEY_UIApplicationSupportsIndirectInputEvents = YES;
				INFOPLIST_KEY_UILaunchStoryboardName = LaunchScreen;
				INFOPLIST_KEY_UIMainStoryboardFile = Main;
				INFOPLIST_KEY_UISupportedInterfaceOrientations_iPad = "UIInterfaceOrientationPortrait UIInterfaceOrientationPortraitUpsideDown UIInterfaceOrientationLandscapeLeft UIInterfaceOrientationLandscapeRight";
				INFOPLIST_KEY_UISupportedInterfaceOrientations_iPhone = "UIInterfaceOrientationPortrait UIInterfaceOrientationLandscapeLeft UIInterfaceOrientationLandscapeRight";
				IPHONEOS_DEPLOYMENT_TARGET = 15.0;
				LD_RUNPATH_SEARCH_PATHS = (
					"$(inherited)",
					"@executable_path/Frameworks",
				);
				MARKETING_VERSION = 1.0;
				PRODUCT_BUNDLE_IDENTIFIER = "ru.swiftbook.HW2-10JSON";
				PRODUCT_NAME = "$(TARGET_NAME)";
				SWIFT_EMIT_LOC_STRINGS = YES;
				SWIFT_VERSION = 5.0;
				TARGETED_DEVICE_FAMILY = 1;
			};
			name = Release;
		};
/* End XCBuildConfiguration section */

/* Begin XCConfigurationList section */
		BAA8C6CF28C4D2D9005C7AF1 /* Build configuration list for PBXProject "HW2.10JSON" */ = {
			isa = XCConfigurationList;
			buildConfigurations = (
				BAA8C6E628C4D2DA005C7AF1 /* Debug */,
				BAA8C6E728C4D2DA005C7AF1 /* Release */,
			);
			defaultConfigurationIsVisible = 0;
			defaultConfigurationName = Release;
		};
		BAA8C6E828C4D2DA005C7AF1 /* Build configuration list for PBXNativeTarget "HW2.10JSON" */ = {
			isa = XCConfigurationList;
			buildConfigurations = (
				BAA8C6E928C4D2DA005C7AF1 /* Debug */,
				BAA8C6EA28C4D2DA005C7AF1 /* Release */,
			);
			defaultConfigurationIsVisible = 0;
			defaultConfigurationName = Release;
		};
/* End XCConfigurationList section */
	};
	rootObject = BAA8C6CC28C4D2D9005C7AF1 /* Project object */;
}
